
Microsoft Visual Studio Solution File, Format Version 12.00
Project("{2150E333-8FDC-42A3-9474-1A3956D46DE8}") = "src", "src", "{8B5F130D-008D-4BA5-BE4E-5C1803626246}"
EndProject
Project("{2150E333-8FDC-42A3-9474-1A3956D46DE8}") = "Modules", "Modules", "{FF9225B7-9E12-4280-9739-73C17F5F281E}"
EndProject
Project("{FAE04EC0-301F-11D3-BF4B-00C04F79EFBC}") = "FileFlow.Cli", "src\FileFlow.Cli\FileFlow.Cli.csproj", "{20853030-7A64-4F90-9225-C6690B362C8F}"
EndProject
Project("{FAE04EC0-301F-11D3-BF4B-00C04F79EFBC}") = "FileFlow.Api", "src\Modules\FileFlow.Api\FileFlow.Api.csproj", "{303B782B-065B-4B1C-9239-9ED024B720E5}"
EndProject
Project("{FAE04EC0-301F-11D3-BF4B-00C04F79EFBC}") = "FileFlow.Application", "src\Modules\FileFlow.Application\FileFlow.Application.csproj", "{6A3DA42D-CA13-48AC-B08C-268CC88BA6DE}"
EndProject
Project("{FAE04EC0-301F-11D3-BF4B-00C04F79EFBC}") = "FileFlow.Core", "src\Modules\FileFlow.Core\FileFlow.Core.csproj", "{14ED0CDE-FFE1-4CEA-851B-48151C3BBEE2}"
EndProject
Project("{FAE04EC0-301F-11D3-BF4B-00C04F79EFBC}") = "FileFlow.Shared", "src\Modules\FileFlow.Shared\FileFlow.Shared.csproj", "{6DC9743D-BA73-434D-8455-5F8B185F60F3}"
EndProject
Global
	GlobalSection(SolutionConfigurationPlatforms) = preSolution
		Debug|Any CPU = Debug|Any CPU
		Release|Any CPU = Release|Any CPU
	EndGlobalSection
	GlobalSection(ProjectConfigurationPlatforms) = postSolution
		{20853030-7A64-4F90-9225-C6690B362C8F}.Debug|Any CPU.ActiveCfg = Debug|Any CPU
		{20853030-7A64-4F90-9225-C6690B362C8F}.Debug|Any CPU.Build.0 = Debug|Any CPU
		{20853030-7A64-4F90-9225-C6690B362C8F}.Release|Any CPU.ActiveCfg = Release|Any CPU
		{20853030-7A64-4F90-9225-C6690B362C8F}.Release|Any CPU.Build.0 = Release|Any CPU
		{303B782B-065B-4B1C-9239-9ED024B720E5}.Debug|Any CPU.ActiveCfg = Debug|Any CPU
		{303B782B-065B-4B1C-9239-9ED024B720E5}.Debug|Any CPU.Build.0 = Debug|Any CPU
		{303B782B-065B-4B1C-9239-9ED024B720E5}.Release|Any CPU.ActiveCfg = Release|Any CPU
		{303B782B-065B-4B1C-9239-9ED024B720E5}.Release|Any CPU.Build.0 = Release|Any CPU
		{6A3DA42D-CA13-48AC-B08C-268CC88BA6DE}.Debug|Any CPU.ActiveCfg = Debug|Any CPU
		{6A3DA42D-CA13-48AC-B08C-268CC88BA6DE}.Debug|Any CPU.Build.0 = Debug|Any CPU
		{6A3DA42D-CA13-48AC-B08C-268CC88BA6DE}.Release|Any CPU.ActiveCfg = Release|Any CPU
		{6A3DA42D-CA13-48AC-B08C-268CC88BA6DE}.Release|Any CPU.Build.0 = Release|Any CPU
		{14ED0CDE-FFE1-4CEA-851B-48151C3BBEE2}.Debug|Any CPU.ActiveCfg = Debug|Any CPU
		{14ED0CDE-FFE1-4CEA-851B-48151C3BBEE2}.Debug|Any CPU.Build.0 = Debug|Any CPU
		{14ED0CDE-FFE1-4CEA-851B-48151C3BBEE2}.Release|Any CPU.ActiveCfg = Release|Any CPU
		{14ED0CDE-FFE1-4CEA-851B-48151C3BBEE2}.Release|Any CPU.Build.0 = Release|Any CPU
		{6DC9743D-BA73-434D-8455-5F8B185F60F3}.Debug|Any CPU.ActiveCfg = Debug|Any CPU
		{6DC9743D-BA73-434D-8455-5F8B185F60F3}.Debug|Any CPU.Build.0 = Debug|Any CPU
		{6DC9743D-BA73-434D-8455-5F8B185F60F3}.Release|Any CPU.ActiveCfg = Release|Any CPU
		{6DC9743D-BA73-434D-8455-5F8B185F60F3}.Release|Any CPU.Build.0 = Release|Any CPU
	EndGlobalSection
	GlobalSection(NestedProjects) = preSolution
		{20853030-7A64-4F90-9225-C6690B362C8F} = {8B5F130D-008D-4BA5-BE4E-5C1803626246}
		{FF9225B7-9E12-4280-9739-73C17F5F281E} = {8B5F130D-008D-4BA5-BE4E-5C1803626246}
		{303B782B-065B-4B1C-9239-9ED024B720E5} = {FF9225B7-9E12-4280-9739-73C17F5F281E}
		{6A3DA42D-CA13-48AC-B08C-268CC88BA6DE} = {FF9225B7-9E12-4280-9739-73C17F5F281E}
		{14ED0CDE-FFE1-4CEA-851B-48151C3BBEE2} = {FF9225B7-9E12-4280-9739-73C17F5F281E}
		{6DC9743D-BA73-434D-8455-5F8B185F60F3} = {FF9225B7-9E12-4280-9739-73C17F5F281E}
	EndGlobalSection
EndGlobal
